
Microsoft Visual Studio Solution File, Format Version 12.00
# Visual Studio 14
VisualStudioVersion = 14.0.25420.1
MinimumVisualStudioVersion = 10.0.40219.1
Project("{8BC9CEB8-8B4A-11D0-8D11-00A0C91BC942}") = "RemoteThread", "RemoteThread\RemoteThread.vcxproj", "{2AE7C6C9-4B36-4B4B-8742-BF927D1E9876}"
EndProject
Project("{8BC9CEB8-8B4A-11D0-8D11-00A0C91BC942}") = "APCInject", "APCInject\APCInject.vcxproj", "{1095C983-A74B-4F76-9CA3-64388F7AFA6F}"
EndProject
Project("{8BC9CEB8-8B4A-11D0-8D11-00A0C91BC942}") = "CreateSuspend", "CreateSuspend\CreateSuspend.vcxproj", "{80CB6597-A054-4AA5-9C67-E9B596230CC1}"
EndProject
Project("{8BC9CEB8-8B4A-11D0-8D11-00A0C91BC942}") = "SetWindowsHook", "SetWindowsHook\SetWindowsHook.vcxproj", "{837D412C-DE5C-49FC-9CAD-B66358B52210}"
EndProject
Project("{8BC9CEB8-8B4A-11D0-8D11-00A0C91BC942}") = "RegInject", "RegInject\RegInject.vcxproj", "{09EC5693-1EE2-4F1A-8396-820D286E5802}"
EndProject
Project("{8BC9CEB8-8B4A-11D0-8D11-00A0C91BC942}") = "ReflectiveInject", "ReflectiveInject\ReflectiveInject.vcxproj", "{9CE9FBAB-8038-4273-BA43-8A54358580AA}"
EndProject
Project("{8BC9CEB8-8B4A-11D0-8D11-00A0C91BC942}") = "ReflectDll", "ReflectDll\ReflectDll.vcxproj", "{B74952C6-B70C-4A85-BCDD-2E25BE0F4B0C}"
EndProject
Global
	GlobalSection(SolutionConfigurationPlatforms) = preSolution
		Debug|x64 = Debug|x64
		Debug|x86 = Debug|x86
		Release|x64 = Release|x64
		Release|x86 = Release|x86
	EndGlobalSection
	GlobalSection(ProjectConfigurationPlatforms) = postSolution
		{2AE7C6C9-4B36-4B4B-8742-BF927D1E9876}.Debug|x64.ActiveCfg = Debug|x64
		{2AE7C6C9-4B36-4B4B-8742-BF927D1E9876}.Debug|x64.Build.0 = Debug|x64
		{2AE7C6C9-4B36-4B4B-8742-BF927D1E9876}.Debug|x86.ActiveCfg = Debug|Win32
		{2AE7C6C9-4B36-4B4B-8742-BF927D1E9876}.Release|x64.ActiveCfg = Release|x64
		{2AE7C6C9-4B36-4B4B-8742-BF927D1E9876}.Release|x64.Build.0 = Release|x64
		{2AE7C6C9-4B36-4B4B-8742-BF927D1E9876}.Release|x86.ActiveCfg = Release|Win32
		{2AE7C6C9-4B36-4B4B-8742-BF927D1E9876}.Release|x86.Build.0 = Release|Win32
		{1095C983-A74B-4F76-9CA3-64388F7AFA6F}.Debug|x64.ActiveCfg = Debug|x64
		{1095C983-A74B-4F76-9CA3-64388F7AFA6F}.Debug|x64.Build.0 = Debug|x64
		{1095C983-A74B-4F76-9CA3-64388F7AFA6F}.Debug|x86.ActiveCfg = Debug|Win32
		{1095C983-A74B-4F76-9CA3-64388F7AFA6F}.Release|x64.ActiveCfg = Release|x64
		{1095C983-A74B-4F76-9CA3-64388F7AFA6F}.Release|x64.Build.0 = Release|x64
		{1095C983-A74B-4F76-9CA3-64388F7AFA6F}.Release|x86.ActiveCfg = Release|Win32
		{1095C983-A74B-4F76-9CA3-64388F7AFA6F}.Release|x86.Build.0 = Release|Win32
		{80CB6597-A054-4AA5-9C67-E9B596230CC1}.Debug|x64.ActiveCfg = Debug|x64
		{80CB6597-A054-4AA5-9C67-E9B596230CC1}.Debug|x64.Build.0 = Debug|x64
		{80CB6597-A054-4AA5-9C67-E9B596230CC1}.Debug|x86.ActiveCfg = Debug|Win32
		{80CB6597-A054-4AA5-9C67-E9B596230CC1}.Release|x64.ActiveCfg = Release|x64
		{80CB6597-A054-4AA5-9C67-E9B596230CC1}.Release|x64.Build.0 = Release|x64
		{80CB6597-A054-4AA5-9C67-E9B596230CC1}.Release|x86.ActiveCfg = Release|Win32
		{80CB6597-A054-4AA5-9C67-E9B596230CC1}.Release|x86.Build.0 = Release|Win32
		{837D412C-DE5C-49FC-9CAD-B66358B52210}.Debug|x64.ActiveCfg = Debug|x64
		{837D412C-DE5C-49FC-9CAD-B66358B52210}.Debug|x64.Build.0 = Debug|x64
		{837D412C-DE5C-49FC-9CAD-B66358B52210}.Debug|x86.ActiveCfg = Debug|Win32
		{837D412C-DE5C-49FC-9CAD-B66358B52210}.Release|x64.ActiveCfg = Release|x64
		{837D412C-DE5C-49FC-9CAD-B66358B52210}.Release|x64.Build.0 = Release|x64
		{837D412C-DE5C-49FC-9CAD-B66358B52210}.Release|x86.ActiveCfg = Release|Win32
		{837D412C-DE5C-49FC-9CAD-B66358B52210}.Release|x86.Build.0 = Release|Win32
		{09EC5693-1EE2-4F1A-8396-820D286E5802}.Debug|x64.ActiveCfg = Debug|x64
		{09EC5693-1EE2-4F1A-8396-820D286E5802}.Debug|x64.Build.0 = Debug|x64
		{09EC5693-1EE2-4F1A-8396-820D286E5802}.Debug|x86.ActiveCfg = Debug|Win32
		{09EC5693-1EE2-4F1A-8396-820D286E5802}.Release|x64.ActiveCfg = Release|x64
		{09EC5693-1EE2-4F1A-8396-820D286E5802}.Release|x64.Build.0 = Release|x64
		{09EC5693-1EE2-4F1A-8396-820D286E5802}.Release|x86.ActiveCfg = Release|Win32
		{09EC5693-1EE2-4F1A-8396-820D286E5802}.Release|x86.Build.0 = Release|Win32
		{9CE9FBAB-8038-4273-BA43-8A54358580AA}.Debug|x64.ActiveCfg = Debug|x64
		{9CE9FBAB-8038-4273-BA43-8A54358580AA}.Debug|x64.Build.0 = Debug|x64
		{9CE9FBAB-8038-4273-BA43-8A54358580AA}.Debug|x86.ActiveCfg = Debug|Win32
		{9CE9FBAB-8038-4273-BA43-8A54358580AA}.Debug|x86.Build.0 = Debug|Win32
		{9CE9FBAB-8038-4273-BA43-8A54358580AA}.Release|x64.ActiveCfg = Release|x64
		{9CE9FBAB-8038-4273-BA43-8A54358580AA}.Release|x64.Build.0 = Release|x64
		{9CE9FBAB-8038-4273-BA43-8A54358580AA}.Release|x86.ActiveCfg = Release|Win32
		{9CE9FBAB-8038-4273-BA43-8A54358580AA}.Release|x86.Build.0 = Release|Win32
		{B74952C6-B70C-4A85-BCDD-2E25BE0F4B0C}.Debug|x64.ActiveCfg = Debug|x64
		{B74952C6-B70C-4A85-BCDD-2E25BE0F4B0C}.Debug|x64.Build.0 = Debug|x64
		{B74952C6-B70C-4A85-BCDD-2E25BE0F4B0C}.Debug|x86.ActiveCfg = Debug|Win32
		{B74952C6-B70C-4A85-BCDD-2E25BE0F4B0C}.Debug|x86.Build.0 = Debug|Win32
		{B74952C6-B70C-4A85-BCDD-2E25BE0F4B0C}.Release|x64.ActiveCfg = Release|x64
		{B74952C6-B70C-4A85-BCDD-2E25BE0F4B0C}.Release|x64.Build.0 = Release|x64
		{B74952C6-B70C-4A85-BCDD-2E25BE0F4B0C}.Release|x86.ActiveCfg = Release|Win32
		{B74952C6-B70C-4A85-BCDD-2E25BE0F4B0C}.Release|x86.Build.0 = Release|Win32
	EndGlobalSection
	GlobalSection(SolutionProperties) = preSolution
		HideSolutionNode = FALSE
	EndGlobalSection
EndGlobal
