
Microsoft Visual Studio Solution File, Format Version 12.00
# Visual Studio 14
VisualStudioVersion = 14.0.25420.1
MinimumVisualStudioVersion = 10.0.40219.1
Project("{8BC9CEB8-8B4A-11D0-8D11-00A0C91BC942}") = "RemoteThread", "RemoteThread\RemoteThread.vcxproj", "{2AE7C6C9-4B36-4B4B-8742-BF927D1E9876}"
EndProject
Project("{8BC9CEB8-8B4A-11D0-8D11-00A0C91BC942}") = "APCInject", "APCInject\APCInject.vcxproj", "{1095C983-A74B-4F76-9CA3-64388F7AFA6F}"
EndProject
Project("{8BC9CEB8-8B4A-11D0-8D11-00A0C91BC942}") = "CreateSuspend", "CreateSuspend\CreateSuspend.vcxproj", "{80CB6597-A054-4AA5-9C67-E9B596230CC1}"
EndProject
Project("{8BC9CEB8-8B4A-11D0-8D11-00A0C91BC942}") = "SetWindowsHook", "SetWindowsHook\SetWindowsHook.vcxproj", "{837D412C-DE5C-49FC-9CAD-B66358B52210}"
EndProject
Project("{8BC9CEB8-8B4A-11D0-8D11-00A0C91BC942}") = "ReflectiveInject", "ReflectiveInject\ReflectiveInject.vcxproj", "{9CE9FBAB-8038-4273-BA43-8A54358580AA}"
EndProject
Project("{8BC9CEB8-8B4A-11D0-8D11-00A0C91BC942}") = "ReflectDll", "ReflectDll\ReflectDll.vcxproj", "{B74952C6-B70C-4A85-BCDD-2E25BE0F4B0C}"
EndProject
Project("{8BC9CEB8-8B4A-11D0-8D11-00A0C91BC942}") = "VMInject32", "VMInject32\VMInject32.vcxproj", "{3A9CC4DF-B9C3-4AB5-9EEA-227D877B560E}"
EndProject
Project("{8BC9CEB8-8B4A-11D0-8D11-00A0C91BC942}") = "VMInject64", "VMInject64\VMInject64.vcxproj", "{4FC443DC-ECF3-4299-85B4-5B36487B524A}"
EndProject
Project("{8BC9CEB8-8B4A-11D0-8D11-00A0C91BC942}") = "InjectByRegister", "InjectByRegister\InjectByRegister.vcxproj", "{86FDC82E-C081-4806-8255-89EED34B8284}"
EndProject
Project("{8BC9CEB8-8B4A-11D0-8D11-00A0C91BC942}") = "APCInject(Ring0)", "APCInject(Ring0)\APCInject(Ring0).vcxproj", "{BF3E3BEF-3E75-420E-BCED-08C9CF1C6C3F}"
EndProject
Global
	GlobalSection(SolutionConfigurationPlatforms) = preSolution
		Debug|x64 = Debug|x64
		Debug|x86 = Debug|x86
		Release|x64 = Release|x64
		Release|x86 = Release|x86
		SYS|x64 = SYS|x64
		SYS|x86 = SYS|x86
	EndGlobalSection
	GlobalSection(ProjectConfigurationPlatforms) = postSolution
		{2AE7C6C9-4B36-4B4B-8742-BF927D1E9876}.Debug|x64.ActiveCfg = Debug|x64
		{2AE7C6C9-4B36-4B4B-8742-BF927D1E9876}.Debug|x86.ActiveCfg = Debug|Win32
		{2AE7C6C9-4B36-4B4B-8742-BF927D1E9876}.Release|x64.ActiveCfg = Release|x64
		{2AE7C6C9-4B36-4B4B-8742-BF927D1E9876}.Release|x64.Build.0 = Release|x64
		{2AE7C6C9-4B36-4B4B-8742-BF927D1E9876}.Release|x86.ActiveCfg = Release|Win32
		{2AE7C6C9-4B36-4B4B-8742-BF927D1E9876}.Release|x86.Build.0 = Release|Win32
		{2AE7C6C9-4B36-4B4B-8742-BF927D1E9876}.SYS|x64.ActiveCfg = Release|x64
		{2AE7C6C9-4B36-4B4B-8742-BF927D1E9876}.SYS|x64.Build.0 = Release|x64
		{2AE7C6C9-4B36-4B4B-8742-BF927D1E9876}.SYS|x86.ActiveCfg = Release|Win32
		{2AE7C6C9-4B36-4B4B-8742-BF927D1E9876}.SYS|x86.Build.0 = Release|Win32
		{1095C983-A74B-4F76-9CA3-64388F7AFA6F}.Debug|x64.ActiveCfg = Debug|x64
		{1095C983-A74B-4F76-9CA3-64388F7AFA6F}.Debug|x86.ActiveCfg = Debug|Win32
		{1095C983-A74B-4F76-9CA3-64388F7AFA6F}.Release|x64.ActiveCfg = Release|x64
		{1095C983-A74B-4F76-9CA3-64388F7AFA6F}.Release|x64.Build.0 = Release|x64
		{1095C983-A74B-4F76-9CA3-64388F7AFA6F}.Release|x86.ActiveCfg = Release|Win32
		{1095C983-A74B-4F76-9CA3-64388F7AFA6F}.Release|x86.Build.0 = Release|Win32
		{1095C983-A74B-4F76-9CA3-64388F7AFA6F}.SYS|x64.ActiveCfg = Release|x64
		{1095C983-A74B-4F76-9CA3-64388F7AFA6F}.SYS|x64.Build.0 = Release|x64
		{1095C983-A74B-4F76-9CA3-64388F7AFA6F}.SYS|x86.ActiveCfg = Release|Win32
		{1095C983-A74B-4F76-9CA3-64388F7AFA6F}.SYS|x86.Build.0 = Release|Win32
		{80CB6597-A054-4AA5-9C67-E9B596230CC1}.Debug|x64.ActiveCfg = Debug|x64
		{80CB6597-A054-4AA5-9C67-E9B596230CC1}.Debug|x86.ActiveCfg = Debug|Win32
		{80CB6597-A054-4AA5-9C67-E9B596230CC1}.Release|x64.ActiveCfg = Release|x64
		{80CB6597-A054-4AA5-9C67-E9B596230CC1}.Release|x64.Build.0 = Release|x64
		{80CB6597-A054-4AA5-9C67-E9B596230CC1}.Release|x86.ActiveCfg = Release|Win32
		{80CB6597-A054-4AA5-9C67-E9B596230CC1}.Release|x86.Build.0 = Release|Win32
		{80CB6597-A054-4AA5-9C67-E9B596230CC1}.SYS|x64.ActiveCfg = Release|x64
		{80CB6597-A054-4AA5-9C67-E9B596230CC1}.SYS|x64.Build.0 = Release|x64
		{80CB6597-A054-4AA5-9C67-E9B596230CC1}.SYS|x86.ActiveCfg = Release|Win32
		{80CB6597-A054-4AA5-9C67-E9B596230CC1}.SYS|x86.Build.0 = Release|Win32
		{837D412C-DE5C-49FC-9CAD-B66358B52210}.Debug|x64.ActiveCfg = Debug|x64
		{837D412C-DE5C-49FC-9CAD-B66358B52210}.Debug|x86.ActiveCfg = Debug|Win32
		{837D412C-DE5C-49FC-9CAD-B66358B52210}.Release|x64.ActiveCfg = Release|x64
		{837D412C-DE5C-49FC-9CAD-B66358B52210}.Release|x64.Build.0 = Release|x64
		{837D412C-DE5C-49FC-9CAD-B66358B52210}.Release|x86.ActiveCfg = Release|Win32
		{837D412C-DE5C-49FC-9CAD-B66358B52210}.Release|x86.Build.0 = Release|Win32
		{837D412C-DE5C-49FC-9CAD-B66358B52210}.SYS|x64.ActiveCfg = Release|x64
		{837D412C-DE5C-49FC-9CAD-B66358B52210}.SYS|x64.Build.0 = Release|x64
		{837D412C-DE5C-49FC-9CAD-B66358B52210}.SYS|x86.ActiveCfg = Release|Win32
		{837D412C-DE5C-49FC-9CAD-B66358B52210}.SYS|x86.Build.0 = Release|Win32
		{9CE9FBAB-8038-4273-BA43-8A54358580AA}.Debug|x64.ActiveCfg = Debug|x64
		{9CE9FBAB-8038-4273-BA43-8A54358580AA}.Debug|x86.ActiveCfg = Debug|Win32
		{9CE9FBAB-8038-4273-BA43-8A54358580AA}.Release|x64.ActiveCfg = Release|x64
		{9CE9FBAB-8038-4273-BA43-8A54358580AA}.Release|x64.Build.0 = Release|x64
		{9CE9FBAB-8038-4273-BA43-8A54358580AA}.Release|x86.ActiveCfg = Release|Win32
		{9CE9FBAB-8038-4273-BA43-8A54358580AA}.Release|x86.Build.0 = Release|Win32
		{9CE9FBAB-8038-4273-BA43-8A54358580AA}.SYS|x64.ActiveCfg = Release|x64
		{9CE9FBAB-8038-4273-BA43-8A54358580AA}.SYS|x64.Build.0 = Release|x64
		{9CE9FBAB-8038-4273-BA43-8A54358580AA}.SYS|x86.ActiveCfg = Release|Win32
		{9CE9FBAB-8038-4273-BA43-8A54358580AA}.SYS|x86.Build.0 = Release|Win32
		{B74952C6-B70C-4A85-BCDD-2E25BE0F4B0C}.Debug|x64.ActiveCfg = Debug|x64
		{B74952C6-B70C-4A85-BCDD-2E25BE0F4B0C}.Debug|x86.ActiveCfg = Debug|Win32
		{B74952C6-B70C-4A85-BCDD-2E25BE0F4B0C}.Release|x64.ActiveCfg = Release|x64
		{B74952C6-B70C-4A85-BCDD-2E25BE0F4B0C}.Release|x64.Build.0 = Release|x64
		{B74952C6-B70C-4A85-BCDD-2E25BE0F4B0C}.Release|x86.ActiveCfg = Release|Win32
		{B74952C6-B70C-4A85-BCDD-2E25BE0F4B0C}.Release|x86.Build.0 = Release|Win32
		{B74952C6-B70C-4A85-BCDD-2E25BE0F4B0C}.SYS|x64.ActiveCfg = Release|x64
		{B74952C6-B70C-4A85-BCDD-2E25BE0F4B0C}.SYS|x64.Build.0 = Release|x64
		{B74952C6-B70C-4A85-BCDD-2E25BE0F4B0C}.SYS|x86.ActiveCfg = Release|Win32
		{B74952C6-B70C-4A85-BCDD-2E25BE0F4B0C}.SYS|x86.Build.0 = Release|Win32
		{3A9CC4DF-B9C3-4AB5-9EEA-227D877B560E}.Debug|x64.ActiveCfg = Debug|x64
		{3A9CC4DF-B9C3-4AB5-9EEA-227D877B560E}.Debug|x86.ActiveCfg = Debug|Win32
		{3A9CC4DF-B9C3-4AB5-9EEA-227D877B560E}.Release|x64.ActiveCfg = Release|x64
		{3A9CC4DF-B9C3-4AB5-9EEA-227D877B560E}.Release|x64.Build.0 = Release|x64
		{3A9CC4DF-B9C3-4AB5-9EEA-227D877B560E}.Release|x86.ActiveCfg = Release|Win32
		{3A9CC4DF-B9C3-4AB5-9EEA-227D877B560E}.Release|x86.Build.0 = Release|Win32
		{3A9CC4DF-B9C3-4AB5-9EEA-227D877B560E}.SYS|x64.ActiveCfg = Release|x64
		{3A9CC4DF-B9C3-4AB5-9EEA-227D877B560E}.SYS|x64.Build.0 = Release|x64
		{3A9CC4DF-B9C3-4AB5-9EEA-227D877B560E}.SYS|x86.ActiveCfg = Release|Win32
		{3A9CC4DF-B9C3-4AB5-9EEA-227D877B560E}.SYS|x86.Build.0 = Release|Win32
		{4FC443DC-ECF3-4299-85B4-5B36487B524A}.Debug|x64.ActiveCfg = Debug|x64
		{4FC443DC-ECF3-4299-85B4-5B36487B524A}.Debug|x86.ActiveCfg = Debug|Win32
		{4FC443DC-ECF3-4299-85B4-5B36487B524A}.Release|x64.ActiveCfg = Release|x64
		{4FC443DC-ECF3-4299-85B4-5B36487B524A}.Release|x64.Build.0 = Release|x64
		{4FC443DC-ECF3-4299-85B4-5B36487B524A}.Release|x86.ActiveCfg = Release|Win32
		{4FC443DC-ECF3-4299-85B4-5B36487B524A}.Release|x86.Build.0 = Release|Win32
		{4FC443DC-ECF3-4299-85B4-5B36487B524A}.SYS|x64.ActiveCfg = Release|x64
		{4FC443DC-ECF3-4299-85B4-5B36487B524A}.SYS|x64.Build.0 = Release|x64
		{4FC443DC-ECF3-4299-85B4-5B36487B524A}.SYS|x86.ActiveCfg = Release|Win32
		{4FC443DC-ECF3-4299-85B4-5B36487B524A}.SYS|x86.Build.0 = Release|Win32
		{86FDC82E-C081-4806-8255-89EED34B8284}.Debug|x64.ActiveCfg = Debug|x64
		{86FDC82E-C081-4806-8255-89EED34B8284}.Debug|x86.ActiveCfg = Debug|Win32
		{86FDC82E-C081-4806-8255-89EED34B8284}.Release|x64.ActiveCfg = Release|x64
		{86FDC82E-C081-4806-8255-89EED34B8284}.Release|x64.Build.0 = Release|x64
		{86FDC82E-C081-4806-8255-89EED34B8284}.Release|x86.ActiveCfg = Release|Win32
		{86FDC82E-C081-4806-8255-89EED34B8284}.Release|x86.Build.0 = Release|Win32
		{86FDC82E-C081-4806-8255-89EED34B8284}.SYS|x64.ActiveCfg = Release|x64
		{86FDC82E-C081-4806-8255-89EED34B8284}.SYS|x64.Build.0 = Release|x64
		{86FDC82E-C081-4806-8255-89EED34B8284}.SYS|x86.ActiveCfg = Release|Win32
		{86FDC82E-C081-4806-8255-89EED34B8284}.SYS|x86.Build.0 = Release|Win32
		{BF3E3BEF-3E75-420E-BCED-08C9CF1C6C3F}.Debug|x64.ActiveCfg = SYS|x64
		{BF3E3BEF-3E75-420E-BCED-08C9CF1C6C3F}.Debug|x64.Build.0 = SYS|x64
		{BF3E3BEF-3E75-420E-BCED-08C9CF1C6C3F}.Debug|x86.ActiveCfg = SYS|Win32
		{BF3E3BEF-3E75-420E-BCED-08C9CF1C6C3F}.Debug|x86.Build.0 = SYS|Win32
		{BF3E3BEF-3E75-420E-BCED-08C9CF1C6C3F}.Release|x64.ActiveCfg = SYS|x64
		{BF3E3BEF-3E75-420E-BCED-08C9CF1C6C3F}.Release|x64.Build.0 = SYS|x64
		{BF3E3BEF-3E75-420E-BCED-08C9CF1C6C3F}.Release|x86.ActiveCfg = SYS|Win32
		{BF3E3BEF-3E75-420E-BCED-08C9CF1C6C3F}.Release|x86.Build.0 = SYS|Win32
		{BF3E3BEF-3E75-420E-BCED-08C9CF1C6C3F}.SYS|x64.ActiveCfg = SYS|x64
		{BF3E3BEF-3E75-420E-BCED-08C9CF1C6C3F}.SYS|x64.Build.0 = SYS|x64
		{BF3E3BEF-3E75-420E-BCED-08C9CF1C6C3F}.SYS|x86.ActiveCfg = SYS|Win32
		{BF3E3BEF-3E75-420E-BCED-08C9CF1C6C3F}.SYS|x86.Build.0 = SYS|Win32
	EndGlobalSection
	GlobalSection(SolutionProperties) = preSolution
		HideSolutionNode = FALSE
	EndGlobalSection
EndGlobal
